
Microsoft Visual Studio Solution File, Format Version 12.00
# Visual Studio Version 17
VisualStudioVersion = 17.1.32210.238
MinimumVisualStudioVersion = 10.0.40219.1
Project("{FAE04EC0-301F-11D3-BF4B-00C04F79EFBC}") = "WindowsFormsApp5", "WindowsFormsApp5\WindowsFormsApp5.csproj", "{1FCA41E7-FEEC-433F-96ED-1FE9C5F9C7FF}"
EndProject
Global
	GlobalSection(SolutionConfigurationPlatforms) = preSolution
		Debug|Any CPU = Debug|Any CPU
		Release|Any CPU = Release|Any CPU
	EndGlobalSection
	GlobalSection(ProjectConfigurationPlatforms) = postSolution
		{1FCA41E7-FEEC-433F-96ED-1FE9C5F9C7FF}.Debug|Any CPU.ActiveCfg = Debug|Any CPU
		{1FCA41E7-FEEC-433F-96ED-1FE9C5F9C7FF}.Debug|Any CPU.Build.0 = Debug|Any CPU
		{1FCA41E7-FEEC-433F-96ED-1FE9C5F9C7FF}.Release|Any CPU.ActiveCfg = Release|Any CPU
		{1FCA41E7-FEEC-433F-96ED-1FE9C5F9C7FF}.Release|Any CPU.Build.0 = Release|Any CPU
	EndGlobalSection
	GlobalSection(SolutionProperties) = preSolution
		HideSolutionNode = FALSE
	EndGlobalSection
	GlobalSection(ExtensibilityGlobals) = postSolution
		SolutionGuid = {2E1AAA6C-DC08-4451-8C55-5026E4A52387}
	EndGlobalSection
EndGlobal
